// !$*UTF8*$!
{
	archiveVersion = 1;
	classes = {
	};
	objectVersion = 46;
	objects = {

/* Begin PBXBuildFile section */
		0228CC6242DA430ED2929751 /* Foundation.framework in Frameworks */ = {isa = PBXBuildFile; fileRef = EBB73AD1FD6EB0E6E51C1285 /* Foundation.framework */; };
		08A0013B9C2C51DCCA9FE264 /* FixtureScaffold.swift in Sources */ = {isa = PBXBuildFile; fileRef = 2D30191E3D1454A5F03E0F5A /* FixtureScaffold.swift */; };
		0C12FC28E41253700E1F6CEA /* FixturesUITestCase.swift in Sources */ = {isa = PBXBuildFile; fileRef = 90FB0A536E213580BE654D96 /* FixturesUITestCase.swift */; };
		0DD12E41CA8003477027BE6C /* AccessibilityFixturesApp.swift in Sources */ = {isa = PBXBuildFile; fileRef = E2F655DAD06971AC5D6D0247 /* AccessibilityFixturesApp.swift */; };
		22D2F64499B3BBD3C3BA9682 /* ConsistentIdentificationFixtureView.swift in Sources */ = {isa = PBXBuildFile; fileRef = B5C411410B37EF38124C675A /* ConsistentIdentificationFixtureView.swift */; };
		2378F4E98FEDFD40450CB0DA /* AppleAuditChecksTests.swift in Sources */ = {isa = PBXBuildFile; fileRef = A9B607E466D0E31AE40F3623 /* AppleAuditChecksTests.swift */; };
		2790846102A915B2F3B1E6DD /* FixtureModels.swift in Sources */ = {isa = PBXBuildFile; fileRef = 69EAF74783FC53A9936E14E0 /* FixtureModels.swift */; };
		354E07852C4984EB49B759A9 /* ScreenTitleFixtureView.swift in Sources */ = {isa = PBXBuildFile; fileRef = ACC890DB64800A2F09FC8864 /* ScreenTitleFixtureView.swift */; };
		36DB427F280DADDBA68C3735 /* AppDelegate.swift in Sources */ = {isa = PBXBuildFile; fileRef = DE85352DF22ED5BB9DF15FCE /* AppDelegate.swift */; };
		3E6C914AA04520CB4ECC7A72 /* AppleAuditFixtureView.swift in Sources */ = {isa = PBXBuildFile; fileRef = 629528AE31DCC39655D2D599 /* AppleAuditFixtureView.swift */; };
		46BB7AC2E2F510429C1B182E /* GenericLabelFixtureView.swift in Sources */ = {isa = PBXBuildFile; fileRef = DBD036DC53E73345931286A8 /* GenericLabelFixtureView.swift */; };
		481F0C86AED22F1C9117296B /* EmptyValueSlider.swift in Sources */ = {isa = PBXBuildFile; fileRef = 124965AD74B5D66E1E7A5173 /* EmptyValueSlider.swift */; };
		55919E56446A54FF17AA630C /* LabelInNameFixtureView.swift in Sources */ = {isa = PBXBuildFile; fileRef = B2C8F791D0930091DE100D30 /* LabelInNameFixtureView.swift */; };
		56182F84380BD95B1D0C3BDE /* AdjustableValueFixtureView.swift in Sources */ = {isa = PBXBuildFile; fileRef = DCAC03A2C8216DE0E62B5E3F /* AdjustableValueFixtureView.swift */; };
		5DF766BFAA122954A8AA1EB7 /* OrientationTests.swift in Sources */ = {isa = PBXBuildFile; fileRef = 9B541B1C5CECB9D01CEC162B /* OrientationTests.swift */; };
		7C92378276E384A55425F919 /* CatalogMapping.swift in Sources */ = {isa = PBXBuildFile; fileRef = DA81976C796D2EACA8F8C8F7 /* CatalogMapping.swift */; };
		80A34CD9EC54878C6D8EC053 /* Foundation.framework in Frameworks */ = {isa = PBXBuildFile; fileRef = EBB73AD1FD6EB0E6E51C1285 /* Foundation.framework */; };
		8B7034F1A3CE855D12AE41AE /* LabelHygieneFixtureView.swift in Sources */ = {isa = PBXBuildFile; fileRef = 2D66B7F314DFF6993662BC03 /* LabelHygieneFixtureView.swift */; };
		93B17948C0F6458B29C86304 /* TargetSizeFixtureView.swift in Sources */ = {isa = PBXBuildFile; fileRef = C9B2957C8071103EF4B0BE60 /* TargetSizeFixtureView.swift */; };
		99D64AB45A79C72D85C6BA9A /* TargetSpacingFixtureView.swift in Sources */ = {isa = PBXBuildFile; fileRef = 86CF2F2FBB40EF430ACB0620 /* TargetSpacingFixtureView.swift */; };
		AC78BFBA3A70FC976298CD55 /* DuplicateLabelsFixtureView.swift in Sources */ = {isa = PBXBuildFile; fileRef = 946FBF4BAD9051B7CD3C1BA3 /* DuplicateLabelsFixtureView.swift */; };
		B5C01A155C082873B576A7D0 /* AccessibilityAuditReport in Frameworks */ = {isa = PBXBuildFile; productRef = B39A596461E7E9FC2527F122 /* AccessibilityAuditReport */; };
		BCAA439972232DDF088023EA /* FixtureListView.swift in Sources */ = {isa = PBXBuildFile; fileRef = 9DCB126698750449C772377D /* FixtureListView.swift */; };
		BDE84F050521212725EF30CF /* DeepLinkRouter.swift in Sources */ = {isa = PBXBuildFile; fileRef = 47E867BCCD69E42BC5A0219F /* DeepLinkRouter.swift */; };
		D0B2A63BAC5A8DF429044324 /* InputPurposeFixtureView.swift in Sources */ = {isa = PBXBuildFile; fileRef = CBBAB193D945E51485E2CE95 /* InputPurposeFixtureView.swift */; };
		D8F188A980F12134825D5A59 /* OrientationFixtureView.swift in Sources */ = {isa = PBXBuildFile; fileRef = A796907AD604E8EC615F483E /* OrientationFixtureView.swift */; };
		DAC5C2815955C3EF6324A6CF /* DeterministicChecksTests.swift in Sources */ = {isa = PBXBuildFile; fileRef = 18A67358001BFE449957832D /* DeterministicChecksTests.swift */; };
		DF40632BC55A96B7D570BCCD /* FixtureCatalog.swift in Sources */ = {isa = PBXBuildFile; fileRef = BC6193749D3B484E8C6A4B8D /* FixtureCatalog.swift */; };
		E31C5C1234FBA6444C956947 /* ScreenTitleTests.swift in Sources */ = {isa = PBXBuildFile; fileRef = DA42AAEFD7B280A491DBF801 /* ScreenTitleTests.swift */; };
		E5DA6A84CEF3EE36C352213B /* FixtureCatalog.swift in Sources */ = {isa = PBXBuildFile; fileRef = BC6193749D3B484E8C6A4B8D /* FixtureCatalog.swift */; };
		F92F0CA706E74EBC5C7B2416 /* FixtureModels.swift in Sources */ = {isa = PBXBuildFile; fileRef = 69EAF74783FC53A9936E14E0 /* FixtureModels.swift */; };
		FE59AC4856EE6F54FCB97DFC /* AccessibilityAuditXCTestSupport in Frameworks */ = {isa = PBXBuildFile; productRef = 221DB562640A44F4733A8549 /* AccessibilityAuditXCTestSupport */; };
		FE7E38FC9338B9C6540F4565 /* ConsistentIdentificationTests.swift in Sources */ = {isa = PBXBuildFile; fileRef = 0A70CD3A91604859787DE856 /* ConsistentIdentificationTests.swift */; };
/* End PBXBuildFile section */

/* Begin PBXContainerItemProxy section */
		A33BF661034C2AB995BB6D87 /* PBXContainerItemProxy */ = {
			isa = PBXContainerItemProxy;
			containerPortal = C70840B1BA0A8132BE9D1EA8 /* Project object */;
			proxyType = 1;
			remoteGlobalIDString = AB17976ECA8B2F99CF29EDAD;
			remoteInfo = AccessibilityFixtures;
		};
/* End PBXContainerItemProxy section */

/* Begin PBXFileReference section */
		0A70CD3A91604859787DE856 /* ConsistentIdentificationTests.swift */ = {isa = PBXFileReference; includeInIndex = 1; lastKnownFileType = sourcecode.swift; name = ConsistentIdentificationTests.swift; path = AccessibilityFixturesUITests/ConsistentIdentificationTests.swift; sourceTree = "<group>"; };
		124965AD74B5D66E1E7A5173 /* EmptyValueSlider.swift */ = {isa = PBXFileReference; includeInIndex = 1; lastKnownFileType = sourcecode.swift; name = EmptyValueSlider.swift; path = AccessibilityFixtures/Checks/EmptyValueSlider.swift; sourceTree = "<group>"; };
		18A67358001BFE449957832D /* DeterministicChecksTests.swift */ = {isa = PBXFileReference; includeInIndex = 1; lastKnownFileType = sourcecode.swift; name = DeterministicChecksTests.swift; path = AccessibilityFixturesUITests/DeterministicChecksTests.swift; sourceTree = "<group>"; };
		2D30191E3D1454A5F03E0F5A /* FixtureScaffold.swift */ = {isa = PBXFileReference; includeInIndex = 1; lastKnownFileType = sourcecode.swift; name = FixtureScaffold.swift; path = AccessibilityFixtures/Gallery/FixtureScaffold.swift; sourceTree = "<group>"; };
		2D66B7F314DFF6993662BC03 /* LabelHygieneFixtureView.swift */ = {isa = PBXFileReference; includeInIndex = 1; lastKnownFileType = sourcecode.swift; name = LabelHygieneFixtureView.swift; path = AccessibilityFixtures/Checks/LabelHygieneFixtureView.swift; sourceTree = "<group>"; };
		47E867BCCD69E42BC5A0219F /* DeepLinkRouter.swift */ = {isa = PBXFileReference; includeInIndex = 1; lastKnownFileType = sourcecode.swift; name = DeepLinkRouter.swift; path = AccessibilityFixtures/App/DeepLinkRouter.swift; sourceTree = "<group>"; };
		629528AE31DCC39655D2D599 /* AppleAuditFixtureView.swift */ = {isa = PBXFileReference; includeInIndex = 1; lastKnownFileType = sourcecode.swift; name = AppleAuditFixtureView.swift; path = AccessibilityFixtures/Checks/AppleAuditFixtureView.swift; sourceTree = "<group>"; };
		69EAF74783FC53A9936E14E0 /* FixtureModels.swift */ = {isa = PBXFileReference; includeInIndex = 1; lastKnownFileType = sourcecode.swift; name = FixtureModels.swift; path = AccessibilityFixtures/Catalog/FixtureModels.swift; sourceTree = "<group>"; };
		86CF2F2FBB40EF430ACB0620 /* TargetSpacingFixtureView.swift */ = {isa = PBXFileReference; includeInIndex = 1; lastKnownFileType = sourcecode.swift; name = TargetSpacingFixtureView.swift; path = AccessibilityFixtures/Checks/TargetSpacingFixtureView.swift; sourceTree = "<group>"; };
		8B02BEFB3312254012939814 /* AccessibilityFixtures.app */ = {isa = PBXFileReference; explicitFileType = wrapper.application; includeInIndex = 0; path = AccessibilityFixtures.app; sourceTree = BUILT_PRODUCTS_DIR; };
		90FB0A536E213580BE654D96 /* FixturesUITestCase.swift */ = {isa = PBXFileReference; includeInIndex = 1; lastKnownFileType = sourcecode.swift; name = FixturesUITestCase.swift; path = AccessibilityFixturesUITests/Support/FixturesUITestCase.swift; sourceTree = "<group>"; };
		946FBF4BAD9051B7CD3C1BA3 /* DuplicateLabelsFixtureView.swift */ = {isa = PBXFileReference; includeInIndex = 1; lastKnownFileType = sourcecode.swift; name = DuplicateLabelsFixtureView.swift; path = AccessibilityFixtures/Checks/DuplicateLabelsFixtureView.swift; sourceTree = "<group>"; };
		9B541B1C5CECB9D01CEC162B /* OrientationTests.swift */ = {isa = PBXFileReference; includeInIndex = 1; lastKnownFileType = sourcecode.swift; name = OrientationTests.swift; path = AccessibilityFixturesUITests/OrientationTests.swift; sourceTree = "<group>"; };
		9DCB126698750449C772377D /* FixtureListView.swift */ = {isa = PBXFileReference; includeInIndex = 1; lastKnownFileType = sourcecode.swift; name = FixtureListView.swift; path = AccessibilityFixtures/Gallery/FixtureListView.swift; sourceTree = "<group>"; };
		A796907AD604E8EC615F483E /* OrientationFixtureView.swift */ = {isa = PBXFileReference; includeInIndex = 1; lastKnownFileType = sourcecode.swift; name = OrientationFixtureView.swift; path = AccessibilityFixtures/Checks/OrientationFixtureView.swift; sourceTree = "<group>"; };
		A9B607E466D0E31AE40F3623 /* AppleAuditChecksTests.swift */ = {isa = PBXFileReference; includeInIndex = 1; lastKnownFileType = sourcecode.swift; name = AppleAuditChecksTests.swift; path = AccessibilityFixturesUITests/AppleAuditChecksTests.swift; sourceTree = "<group>"; };
		ACC890DB64800A2F09FC8864 /* ScreenTitleFixtureView.swift */ = {isa = PBXFileReference; includeInIndex = 1; lastKnownFileType = sourcecode.swift; name = ScreenTitleFixtureView.swift; path = AccessibilityFixtures/Checks/ScreenTitleFixtureView.swift; sourceTree = "<group>"; };
		B2C8F791D0930091DE100D30 /* LabelInNameFixtureView.swift */ = {isa = PBXFileReference; includeInIndex = 1; lastKnownFileType = sourcecode.swift; name = LabelInNameFixtureView.swift; path = AccessibilityFixtures/Checks/LabelInNameFixtureView.swift; sourceTree = "<group>"; };
		B5C411410B37EF38124C675A /* ConsistentIdentificationFixtureView.swift */ = {isa = PBXFileReference; includeInIndex = 1; lastKnownFileType = sourcecode.swift; name = ConsistentIdentificationFixtureView.swift; path = AccessibilityFixtures/Checks/ConsistentIdentificationFixtureView.swift; sourceTree = "<group>"; };
		BC6193749D3B484E8C6A4B8D /* FixtureCatalog.swift */ = {isa = PBXFileReference; includeInIndex = 1; lastKnownFileType = sourcecode.swift; name = FixtureCatalog.swift; path = AccessibilityFixtures/Catalog/FixtureCatalog.swift; sourceTree = "<group>"; };
		C9B2957C8071103EF4B0BE60 /* TargetSizeFixtureView.swift */ = {isa = PBXFileReference; includeInIndex = 1; lastKnownFileType = sourcecode.swift; name = TargetSizeFixtureView.swift; path = AccessibilityFixtures/Checks/TargetSizeFixtureView.swift; sourceTree = "<group>"; };
		CBBAB193D945E51485E2CE95 /* InputPurposeFixtureView.swift */ = {isa = PBXFileReference; includeInIndex = 1; lastKnownFileType = sourcecode.swift; name = InputPurposeFixtureView.swift; path = AccessibilityFixtures/Checks/InputPurposeFixtureView.swift; sourceTree = "<group>"; };
		D9D5DA947883094E30BE4145 /* AccessibilityFixturesUITests.xctest */ = {isa = PBXFileReference; explicitFileType = wrapper.cfbundle; includeInIndex = 0; path = AccessibilityFixturesUITests.xctest; sourceTree = BUILT_PRODUCTS_DIR; };
		DA42AAEFD7B280A491DBF801 /* ScreenTitleTests.swift */ = {isa = PBXFileReference; includeInIndex = 1; lastKnownFileType = sourcecode.swift; name = ScreenTitleTests.swift; path = AccessibilityFixturesUITests/ScreenTitleTests.swift; sourceTree = "<group>"; };
		DA81976C796D2EACA8F8C8F7 /* CatalogMapping.swift */ = {isa = PBXFileReference; includeInIndex = 1; lastKnownFileType = sourcecode.swift; name = CatalogMapping.swift; path = AccessibilityFixturesUITests/Support/CatalogMapping.swift; sourceTree = "<group>"; };
		DBD036DC53E73345931286A8 /* GenericLabelFixtureView.swift */ = {isa = PBXFileReference; includeInIndex = 1; lastKnownFileType = sourcecode.swift; name = GenericLabelFixtureView.swift; path = AccessibilityFixtures/Checks/GenericLabelFixtureView.swift; sourceTree = "<group>"; };
		DCAC03A2C8216DE0E62B5E3F /* AdjustableValueFixtureView.swift */ = {isa = PBXFileReference; includeInIndex = 1; lastKnownFileType = sourcecode.swift; name = AdjustableValueFixtureView.swift; path = AccessibilityFixtures/Checks/AdjustableValueFixtureView.swift; sourceTree = "<group>"; };
		DE85352DF22ED5BB9DF15FCE /* AppDelegate.swift */ = {isa = PBXFileReference; includeInIndex = 1; lastKnownFileType = sourcecode.swift; name = AppDelegate.swift; path = AccessibilityFixtures/App/AppDelegate.swift; sourceTree = "<group>"; };
		E2F655DAD06971AC5D6D0247 /* AccessibilityFixturesApp.swift */ = {isa = PBXFileReference; includeInIndex = 1; lastKnownFileType = sourcecode.swift; name = AccessibilityFixturesApp.swift; path = AccessibilityFixtures/App/AccessibilityFixturesApp.swift; sourceTree = "<group>"; };
		EBB73AD1FD6EB0E6E51C1285 /* Foundation.framework */ = {isa = PBXFileReference; lastKnownFileType = wrapper.framework; name = Foundation.framework; path = Platforms/iPhoneOS.platform/Developer/SDKs/iPhoneOS18.0.sdk/System/Library/Frameworks/Foundation.framework; sourceTree = DEVELOPER_DIR; };
/* End PBXFileReference section */

/* Begin PBXFrameworksBuildPhase section */
		98B9F073B1116EC82F4B1BDC /* Frameworks */ = {
			isa = PBXFrameworksBuildPhase;
			buildActionMask = 2147483647;
			files = (
				80A34CD9EC54878C6D8EC053 /* Foundation.framework in Frameworks */,
			);
			runOnlyForDeploymentPostprocessing = 0;
		};
		DCEF7DB3EADC7CE7D83E09B8 /* Frameworks */ = {
			isa = PBXFrameworksBuildPhase;
			buildActionMask = 2147483647;
			files = (
				0228CC6242DA430ED2929751 /* Foundation.framework in Frameworks */,
				B5C01A155C082873B576A7D0 /* AccessibilityAuditReport in Frameworks */,
				FE59AC4856EE6F54FCB97DFC /* AccessibilityAuditXCTestSupport in Frameworks */,
			);
			runOnlyForDeploymentPostprocessing = 0;
		};
/* End PBXFrameworksBuildPhase section */

/* Begin PBXGroup section */
		0560402C52A998AB0B965D60 /* iOS */ = {
			isa = PBXGroup;
			children = (
				EBB73AD1FD6EB0E6E51C1285 /* Foundation.framework */,
			);
			name = iOS;
			sourceTree = "<group>";
		};
		5D43FAC93E2B7CC6ED3484C5 /* Frameworks */ = {
			isa = PBXGroup;
			children = (
				0560402C52A998AB0B965D60 /* iOS */,
			);
			name = Frameworks;
			sourceTree = "<group>";
		};
		871B19707756BCBE00A8D4AA = {
			isa = PBXGroup;
			children = (
				CC56E722E63EFB8A1255D997 /* Products */,
				5D43FAC93E2B7CC6ED3484C5 /* Frameworks */,
				E2F655DAD06971AC5D6D0247 /* AccessibilityFixturesApp.swift */,
				DE85352DF22ED5BB9DF15FCE /* AppDelegate.swift */,
				47E867BCCD69E42BC5A0219F /* DeepLinkRouter.swift */,
				BC6193749D3B484E8C6A4B8D /* FixtureCatalog.swift */,
				69EAF74783FC53A9936E14E0 /* FixtureModels.swift */,
				DCAC03A2C8216DE0E62B5E3F /* AdjustableValueFixtureView.swift */,
				629528AE31DCC39655D2D599 /* AppleAuditFixtureView.swift */,
				B5C411410B37EF38124C675A /* ConsistentIdentificationFixtureView.swift */,
				946FBF4BAD9051B7CD3C1BA3 /* DuplicateLabelsFixtureView.swift */,
				124965AD74B5D66E1E7A5173 /* EmptyValueSlider.swift */,
				DBD036DC53E73345931286A8 /* GenericLabelFixtureView.swift */,
				CBBAB193D945E51485E2CE95 /* InputPurposeFixtureView.swift */,
				2D66B7F314DFF6993662BC03 /* LabelHygieneFixtureView.swift */,
				B2C8F791D0930091DE100D30 /* LabelInNameFixtureView.swift */,
				A796907AD604E8EC615F483E /* OrientationFixtureView.swift */,
				ACC890DB64800A2F09FC8864 /* ScreenTitleFixtureView.swift */,
				C9B2957C8071103EF4B0BE60 /* TargetSizeFixtureView.swift */,
				86CF2F2FBB40EF430ACB0620 /* TargetSpacingFixtureView.swift */,
				9DCB126698750449C772377D /* FixtureListView.swift */,
				2D30191E3D1454A5F03E0F5A /* FixtureScaffold.swift */,
				A9B607E466D0E31AE40F3623 /* AppleAuditChecksTests.swift */,
				0A70CD3A91604859787DE856 /* ConsistentIdentificationTests.swift */,
				18A67358001BFE449957832D /* DeterministicChecksTests.swift */,
				9B541B1C5CECB9D01CEC162B /* OrientationTests.swift */,
				DA42AAEFD7B280A491DBF801 /* ScreenTitleTests.swift */,
				DA81976C796D2EACA8F8C8F7 /* CatalogMapping.swift */,
				90FB0A536E213580BE654D96 /* FixturesUITestCase.swift */,
			);
			sourceTree = "<group>";
		};
		CC56E722E63EFB8A1255D997 /* Products */ = {
			isa = PBXGroup;
			children = (
				8B02BEFB3312254012939814 /* AccessibilityFixtures.app */,
				D9D5DA947883094E30BE4145 /* AccessibilityFixturesUITests.xctest */,
			);
			name = Products;
			sourceTree = "<group>";
		};
/* End PBXGroup section */

/* Begin PBXNativeTarget section */
		4D9282568AE52E1710115DC9 /* AccessibilityFixturesUITests */ = {
			isa = PBXNativeTarget;
			buildConfigurationList = B2913C0C3B42AA29D2856DBA /* Build configuration list for PBXNativeTarget "AccessibilityFixturesUITests" */;
			buildPhases = (
				85DDD0463014941813E9310C /* Sources */,
				DCEF7DB3EADC7CE7D83E09B8 /* Frameworks */,
				4AE11675335E8D64D02DBF0A /* Resources */,
			);
			buildRules = (
			);
			dependencies = (
				D888608E342A1A26693C52A4 /* PBXTargetDependency */,
			);
			name = AccessibilityFixturesUITests;
			packageProductDependencies = (
				B39A596461E7E9FC2527F122 /* AccessibilityAuditReport */,
				221DB562640A44F4733A8549 /* AccessibilityAuditXCTestSupport */,
			);
			productName = AccessibilityFixturesUITests;
			productReference = D9D5DA947883094E30BE4145 /* AccessibilityFixturesUITests.xctest */;
			productType = "com.apple.product-type.bundle.ui-testing";
		};
		AB17976ECA8B2F99CF29EDAD /* AccessibilityFixtures */ = {
			isa = PBXNativeTarget;
			buildConfigurationList = 3633AE03D1E9FD01E091E1B3 /* Build configuration list for PBXNativeTarget "AccessibilityFixtures" */;
			buildPhases = (
				27214246F092D77BD2E759D2 /* Sources */,
				98B9F073B1116EC82F4B1BDC /* Frameworks */,
				B405A7298DA0A27F5A006724 /* Resources */,
			);
			buildRules = (
			);
			dependencies = (
			);
			name = AccessibilityFixtures;
			productName = AccessibilityFixtures;
			productReference = 8B02BEFB3312254012939814 /* AccessibilityFixtures.app */;
			productType = "com.apple.product-type.application";
		};
/* End PBXNativeTarget section */

/* Begin PBXProject section */
		C70840B1BA0A8132BE9D1EA8 /* Project object */ = {
			isa = PBXProject;
			attributes = {
				LastSwiftUpdateCheck = 1600;
				LastUpgradeCheck = 1600;
			};
			buildConfigurationList = A31B12A4346887B55FA2290F /* Build configuration list for PBXProject "AccessibilityFixtures" */;
			compatibilityVersion = "Xcode 3.2";
			developmentRegion = en;
			hasScannedForEncodings = 0;
			knownRegions = (
				en,
				Base,
			);
			mainGroup = 871B19707756BCBE00A8D4AA;
			minimizedProjectReferenceProxies = 0;
			packageReferences = (
				6EDE572A2338B4A39165DFB3 /* XCLocalSwiftPackageReference "AccessibilityAuditReport" */,
			);
			preferredProjectObjectVersion = 77;
			productRefGroup = CC56E722E63EFB8A1255D997 /* Products */;
			projectDirPath = "";
			projectRoot = "";
			targets = (
				AB17976ECA8B2F99CF29EDAD /* AccessibilityFixtures */,
				4D9282568AE52E1710115DC9 /* AccessibilityFixturesUITests */,
			);
		};
/* End PBXProject section */

/* Begin PBXResourcesBuildPhase section */
		4AE11675335E8D64D02DBF0A /* Resources */ = {
			isa = PBXResourcesBuildPhase;
			buildActionMask = 2147483647;
			files = (
			);
			runOnlyForDeploymentPostprocessing = 0;
		};
		B405A7298DA0A27F5A006724 /* Resources */ = {
			isa = PBXResourcesBuildPhase;
			buildActionMask = 2147483647;
			files = (
			);
			runOnlyForDeploymentPostprocessing = 0;
		};
/* End PBXResourcesBuildPhase section */

/* Begin PBXSourcesBuildPhase section */
		27214246F092D77BD2E759D2 /* Sources */ = {
			isa = PBXSourcesBuildPhase;
			buildActionMask = 2147483647;
			files = (
				0DD12E41CA8003477027BE6C /* AccessibilityFixturesApp.swift in Sources */,
				36DB427F280DADDBA68C3735 /* AppDelegate.swift in Sources */,
				BDE84F050521212725EF30CF /* DeepLinkRouter.swift in Sources */,
				E5DA6A84CEF3EE36C352213B /* FixtureCatalog.swift in Sources */,
				2790846102A915B2F3B1E6DD /* FixtureModels.swift in Sources */,
				56182F84380BD95B1D0C3BDE /* AdjustableValueFixtureView.swift in Sources */,
				3E6C914AA04520CB4ECC7A72 /* AppleAuditFixtureView.swift in Sources */,
				22D2F64499B3BBD3C3BA9682 /* ConsistentIdentificationFixtureView.swift in Sources */,
				AC78BFBA3A70FC976298CD55 /* DuplicateLabelsFixtureView.swift in Sources */,
				481F0C86AED22F1C9117296B /* EmptyValueSlider.swift in Sources */,
				46BB7AC2E2F510429C1B182E /* GenericLabelFixtureView.swift in Sources */,
				D0B2A63BAC5A8DF429044324 /* InputPurposeFixtureView.swift in Sources */,
				8B7034F1A3CE855D12AE41AE /* LabelHygieneFixtureView.swift in Sources */,
				55919E56446A54FF17AA630C /* LabelInNameFixtureView.swift in Sources */,
				D8F188A980F12134825D5A59 /* OrientationFixtureView.swift in Sources */,
				354E07852C4984EB49B759A9 /* ScreenTitleFixtureView.swift in Sources */,
				93B17948C0F6458B29C86304 /* TargetSizeFixtureView.swift in Sources */,
				99D64AB45A79C72D85C6BA9A /* TargetSpacingFixtureView.swift in Sources */,
				BCAA439972232DDF088023EA /* FixtureListView.swift in Sources */,
				08A0013B9C2C51DCCA9FE264 /* FixtureScaffold.swift in Sources */,
			);
			runOnlyForDeploymentPostprocessing = 0;
		};
		85DDD0463014941813E9310C /* Sources */ = {
			isa = PBXSourcesBuildPhase;
			buildActionMask = 2147483647;
			files = (
				DF40632BC55A96B7D570BCCD /* FixtureCatalog.swift in Sources */,
				F92F0CA706E74EBC5C7B2416 /* FixtureModels.swift in Sources */,
				2378F4E98FEDFD40450CB0DA /* AppleAuditChecksTests.swift in Sources */,
				FE7E38FC9338B9C6540F4565 /* ConsistentIdentificationTests.swift in Sources */,
				DAC5C2815955C3EF6324A6CF /* DeterministicChecksTests.swift in Sources */,
				5DF766BFAA122954A8AA1EB7 /* OrientationTests.swift in Sources */,
				E31C5C1234FBA6444C956947 /* ScreenTitleTests.swift in Sources */,
				7C92378276E384A55425F919 /* CatalogMapping.swift in Sources */,
				0C12FC28E41253700E1F6CEA /* FixturesUITestCase.swift in Sources */,
			);
			runOnlyForDeploymentPostprocessing = 0;
		};
/* End PBXSourcesBuildPhase section */

/* Begin PBXTargetDependency section */
		D888608E342A1A26693C52A4 /* PBXTargetDependency */ = {
			isa = PBXTargetDependency;
			name = AccessibilityFixtures;
			target = AB17976ECA8B2F99CF29EDAD /* AccessibilityFixtures */;
			targetProxy = A33BF661034C2AB995BB6D87 /* PBXContainerItemProxy */;
		};
/* End PBXTargetDependency section */

/* Begin XCBuildConfiguration section */
		1902B210F5129B8B3EE8E026 /* Debug */ = {
			isa = XCBuildConfiguration;
			buildSettings = {
				ASSETCATALOG_COMPILER_APPICON_NAME = AppIcon;
				ASSETCATALOG_COMPILER_GLOBAL_ACCENT_COLOR_NAME = AccentColor;
				CLANG_ENABLE_OBJC_WEAK = NO;
				CURRENT_PROJECT_VERSION = 1;
				DEVELOPMENT_TEAM = 3TY8Z73V2D;
				GENERATE_INFOPLIST_FILE = YES;
				INFOPLIST_KEY_UISupportedInterfaceOrientations = "UIInterfaceOrientationPortrait UIInterfaceOrientationLandscapeLeft UIInterfaceOrientationLandscapeRight";
				IPHONEOS_DEPLOYMENT_TARGET = 17.0;
				LD_RUNPATH_SEARCH_PATHS = "$(inherited) @executable_path/Frameworks";
				MARKETING_VERSION = 1.0;
				PRODUCT_BUNDLE_IDENTIFIER = com.synchonross.capsylspike.AccessibilityFixtures;
				SDKROOT = iphoneos;
				SWIFT_VERSION = 5.0;
				TARGETED_DEVICE_FAMILY = "1,2";
			};
			name = Debug;
		};
		5FCE368AB1AB5E0A030AD6D8 /* Debug */ = {
			isa = XCBuildConfiguration;
			buildSettings = {
				ALWAYS_SEARCH_USER_PATHS = NO;
				CLANG_ANALYZER_NONNULL = YES;
				CLANG_ANALYZER_NUMBER_OBJECT_CONVERSION = YES_AGGRESSIVE;
				CLANG_CXX_LANGUAGE_STANDARD = "gnu++14";
				CLANG_CXX_LIBRARY = "libc++";
				CLANG_ENABLE_MODULES = YES;
				CLANG_ENABLE_OBJC_ARC = YES;
				CLANG_ENABLE_OBJC_WEAK = YES;
				CLANG_WARN_BLOCK_CAPTURE_AUTORELEASING = YES;
				CLANG_WARN_BOOL_CONVERSION = YES;
				CLANG_WARN_COMMA = YES;
				CLANG_WARN_CONSTANT_CONVERSION = YES;
				CLANG_WARN_DEPRECATED_OBJC_IMPLEMENTATIONS = YES;
				CLANG_WARN_DIRECT_OBJC_ISA_USAGE = YES_ERROR;
				CLANG_WARN_DOCUMENTATION_COMMENTS = YES;
				CLANG_WARN_EMPTY_BODY = YES;
				CLANG_WARN_ENUM_CONVERSION = YES;
				CLANG_WARN_INFINITE_RECURSION = YES;
				CLANG_WARN_INT_CONVERSION = YES;
				CLANG_WARN_NON_LITERAL_NULL_CONVERSION = YES;
				CLANG_WARN_OBJC_IMPLICIT_RETAIN_SELF = YES;
				CLANG_WARN_OBJC_LITERAL_CONVERSION = YES;
				CLANG_WARN_OBJC_ROOT_CLASS = YES_ERROR;
				CLANG_WARN_QUOTED_INCLUDE_IN_FRAMEWORK_HEADER = YES;
				CLANG_WARN_RANGE_LOOP_ANALYSIS = YES;
				CLANG_WARN_STRICT_PROTOTYPES = YES;
				CLANG_WARN_SUSPICIOUS_MOVE = YES;
				CLANG_WARN_UNGUARDED_AVAILABILITY = YES_AGGRESSIVE;
				CLANG_WARN_UNREACHABLE_CODE = YES;
				CLANG_WARN__DUPLICATE_METHOD_MATCH = YES;
				COPY_PHASE_STRIP = NO;
				DEBUG_INFORMATION_FORMAT = dwarf;
				ENABLE_STRICT_OBJC_MSGSEND = YES;
				ENABLE_TESTABILITY = YES;
				GCC_C_LANGUAGE_STANDARD = gnu11;
				GCC_DYNAMIC_NO_PIC = NO;
				GCC_NO_COMMON_BLOCKS = YES;
				GCC_OPTIMIZATION_LEVEL = 0;
				GCC_PREPROCESSOR_DEFINITIONS = (
					"DEBUG=1",
					"$(inherited)",
				);
				GCC_WARN_64_TO_32_BIT_CONVERSION = YES;
				GCC_WARN_ABOUT_RETURN_TYPE = YES_ERROR;
				GCC_WARN_UNDECLARED_SELECTOR = YES;
				GCC_WARN_UNINITIALIZED_AUTOS = YES_AGGRESSIVE;
				GCC_WARN_UNUSED_FUNCTION = YES;
				GCC_WARN_UNUSED_VARIABLE = YES;
				MTL_ENABLE_DEBUG_INFO = INCLUDE_SOURCE;
				MTL_FAST_MATH = YES;
				ONLY_ACTIVE_ARCH = YES;
				PRODUCT_NAME = "$(TARGET_NAME)";
				SWIFT_ACTIVE_COMPILATION_CONDITIONS = DEBUG;
				SWIFT_OPTIMIZATION_LEVEL = "-Onone";
				SWIFT_VERSION = 5.0;
			};
			name = Debug;
		};
		A2A1B892C68AF6DD736F0BD3 /* Release */ = {
			isa = XCBuildConfiguration;
			buildSettings = {
				ALWAYS_SEARCH_USER_PATHS = NO;
				CLANG_ANALYZER_NONNULL = YES;
				CLANG_ANALYZER_NUMBER_OBJECT_CONVERSION = YES_AGGRESSIVE;
				CLANG_CXX_LANGUAGE_STANDARD = "gnu++14";
				CLANG_CXX_LIBRARY = "libc++";
				CLANG_ENABLE_MODULES = YES;
				CLANG_ENABLE_OBJC_ARC = YES;
				CLANG_ENABLE_OBJC_WEAK = YES;
				CLANG_WARN_BLOCK_CAPTURE_AUTORELEASING = YES;
				CLANG_WARN_BOOL_CONVERSION = YES;
				CLANG_WARN_COMMA = YES;
				CLANG_WARN_CONSTANT_CONVERSION = YES;
				CLANG_WARN_DEPRECATED_OBJC_IMPLEMENTATIONS = YES;
				CLANG_WARN_DIRECT_OBJC_ISA_USAGE = YES_ERROR;
				CLANG_WARN_DOCUMENTATION_COMMENTS = YES;
				CLANG_WARN_EMPTY_BODY = YES;
				CLANG_WARN_ENUM_CONVERSION = YES;
				CLANG_WARN_INFINITE_RECURSION = YES;
				CLANG_WARN_INT_CONVERSION = YES;
				CLANG_WARN_NON_LITERAL_NULL_CONVERSION = YES;
				CLANG_WARN_OBJC_IMPLICIT_RETAIN_SELF = YES;
				CLANG_WARN_OBJC_LITERAL_CONVERSION = YES;
				CLANG_WARN_OBJC_ROOT_CLASS = YES_ERROR;
				CLANG_WARN_QUOTED_INCLUDE_IN_FRAMEWORK_HEADER = YES;
				CLANG_WARN_RANGE_LOOP_ANALYSIS = YES;
				CLANG_WARN_STRICT_PROTOTYPES = YES;
				CLANG_WARN_SUSPICIOUS_MOVE = YES;
				CLANG_WARN_UNGUARDED_AVAILABILITY = YES_AGGRESSIVE;
				CLANG_WARN_UNREACHABLE_CODE = YES;
				CLANG_WARN__DUPLICATE_METHOD_MATCH = YES;
				COPY_PHASE_STRIP = NO;
				DEBUG_INFORMATION_FORMAT = "dwarf-with-dsym";
				ENABLE_NS_ASSERTIONS = NO;
				ENABLE_STRICT_OBJC_MSGSEND = YES;
				GCC_C_LANGUAGE_STANDARD = gnu11;
				GCC_NO_COMMON_BLOCKS = YES;
				GCC_WARN_64_TO_32_BIT_CONVERSION = YES;
				GCC_WARN_ABOUT_RETURN_TYPE = YES_ERROR;
				GCC_WARN_UNDECLARED_SELECTOR = YES;
				GCC_WARN_UNINITIALIZED_AUTOS = YES_AGGRESSIVE;
				GCC_WARN_UNUSED_FUNCTION = YES;
				GCC_WARN_UNUSED_VARIABLE = YES;
				MTL_ENABLE_DEBUG_INFO = NO;
				MTL_FAST_MATH = YES;
				PRODUCT_NAME = "$(TARGET_NAME)";
				SWIFT_COMPILATION_MODE = wholemodule;
				SWIFT_OPTIMIZATION_LEVEL = "-O";
				SWIFT_VERSION = 5.0;
			};
			name = Release;
		};
		C38B6C4BCD997AA54227D49B /* Release */ = {
			isa = XCBuildConfiguration;
			buildSettings = {
				CLANG_ENABLE_OBJC_WEAK = NO;
				DEVELOPMENT_TEAM = 3TY8Z73V2D;
				GENERATE_INFOPLIST_FILE = YES;
				IPHONEOS_DEPLOYMENT_TARGET = 17.0;
				PRODUCT_BUNDLE_IDENTIFIER = com.synchonross.capsylspike.AccessibilityFixturesUITests;
				SDKROOT = iphoneos;
				SWIFT_VERSION = 5.0;
				TEST_TARGET_NAME = AccessibilityFixtures;
				VALIDATE_PRODUCT = YES;
			};
			name = Release;
		};
		D5A2763ADDF8E89803FF7851 /* Release */ = {
			isa = XCBuildConfiguration;
			buildSettings = {
				ASSETCATALOG_COMPILER_APPICON_NAME = AppIcon;
				ASSETCATALOG_COMPILER_GLOBAL_ACCENT_COLOR_NAME = AccentColor;
				CLANG_ENABLE_OBJC_WEAK = NO;
				CURRENT_PROJECT_VERSION = 1;
				DEVELOPMENT_TEAM = 3TY8Z73V2D;
				GENERATE_INFOPLIST_FILE = YES;
				INFOPLIST_KEY_UISupportedInterfaceOrientations = "UIInterfaceOrientationPortrait UIInterfaceOrientationLandscapeLeft UIInterfaceOrientationLandscapeRight";
				IPHONEOS_DEPLOYMENT_TARGET = 17.0;
				LD_RUNPATH_SEARCH_PATHS = "$(inherited) @executable_path/Frameworks";
				MARKETING_VERSION = 1.0;
				PRODUCT_BUNDLE_IDENTIFIER = com.synchonross.capsylspike.AccessibilityFixtures;
				SDKROOT = iphoneos;
				SWIFT_VERSION = 5.0;
				TARGETED_DEVICE_FAMILY = "1,2";
				VALIDATE_PRODUCT = YES;
			};
			name = Release;
		};
		E05513EF1791EDA06D69140C /* Debug */ = {
			isa = XCBuildConfiguration;
			buildSettings = {
				CLANG_ENABLE_OBJC_WEAK = NO;
				DEVELOPMENT_TEAM = 3TY8Z73V2D;
				GENERATE_INFOPLIST_FILE = YES;
				IPHONEOS_DEPLOYMENT_TARGET = 17.0;
				PRODUCT_BUNDLE_IDENTIFIER = com.synchonross.capsylspike.AccessibilityFixturesUITests;
				SDKROOT = iphoneos;
				SWIFT_VERSION = 5.0;
				TEST_TARGET_NAME = AccessibilityFixtures;
			};
			name = Debug;
		};
/* End XCBuildConfiguration section */

/* Begin XCConfigurationList section */
		3633AE03D1E9FD01E091E1B3 /* Build configuration list for PBXNativeTarget "AccessibilityFixtures" */ = {
			isa = XCConfigurationList;
			buildConfigurations = (
				D5A2763ADDF8E89803FF7851 /* Release */,
				1902B210F5129B8B3EE8E026 /* Debug */,
			);
			defaultConfigurationIsVisible = 0;
			defaultConfigurationName = Release;
		};
		A31B12A4346887B55FA2290F /* Build configuration list for PBXProject "AccessibilityFixtures" */ = {
			isa = XCConfigurationList;
			buildConfigurations = (
				5FCE368AB1AB5E0A030AD6D8 /* Debug */,
				A2A1B892C68AF6DD736F0BD3 /* Release */,
			);
			defaultConfigurationIsVisible = 0;
			defaultConfigurationName = Release;
		};
		B2913C0C3B42AA29D2856DBA /* Build configuration list for PBXNativeTarget "AccessibilityFixturesUITests" */ = {
			isa = XCConfigurationList;
			buildConfigurations = (
				C38B6C4BCD997AA54227D49B /* Release */,
				E05513EF1791EDA06D69140C /* Debug */,
			);
			defaultConfigurationIsVisible = 0;
			defaultConfigurationName = Release;
		};
/* End XCConfigurationList section */

/* Begin XCLocalSwiftPackageReference section */
		6EDE572A2338B4A39165DFB3 /* XCLocalSwiftPackageReference "AccessibilityAuditReport" */ = {
			isa = XCLocalSwiftPackageReference;
			relativePath = ../AccessibilityAuditReport;
		};
/* End XCLocalSwiftPackageReference section */

/* Begin XCSwiftPackageProductDependency section */
		221DB562640A44F4733A8549 /* AccessibilityAuditXCTestSupport */ = {
			isa = XCSwiftPackageProductDependency;
			package = 6EDE572A2338B4A39165DFB3 /* XCLocalSwiftPackageReference "AccessibilityAuditReport" */;
			productName = AccessibilityAuditXCTestSupport;
		};
		B39A596461E7E9FC2527F122 /* AccessibilityAuditReport */ = {
			isa = XCSwiftPackageProductDependency;
			package = 6EDE572A2338B4A39165DFB3 /* XCLocalSwiftPackageReference "AccessibilityAuditReport" */;
			productName = AccessibilityAuditReport;
		};
/* End XCSwiftPackageProductDependency section */
	};
	rootObject = C70840B1BA0A8132BE9D1EA8 /* Project object */;
}
