// !$*UTF8*$!
{
	archiveVersion = 1;
	classes = {
	};
	objectVersion = 46;
	objects = {

/* Begin PBXBuildFile section */
		0395063A8395642E6D26537A /* AccessibilityAuditReport in Frameworks */ = {isa = PBXBuildFile; productRef = 7632E11972F31B291776B5A9 /* AccessibilityAuditReport */; };
		0BF237500A88E00324673BF9 /* AccessibilityAuditXCTestSupport in Frameworks */ = {isa = PBXBuildFile; productRef = 6C77CD1DE14733FAED08756E /* AccessibilityAuditXCTestSupport */; };
		40C28A0D295EA97A003740FC /* FixtureModels.swift in Sources */ = {isa = PBXBuildFile; fileRef = C90143498D311F33A46A465A /* FixtureModels.swift */; };
		50C2529854F21E2A7A1B8E46 /* Foundation.framework in Frameworks */ = {isa = PBXBuildFile; fileRef = 8CD443AC102DBB2C4C36A11D /* Foundation.framework */; };
		7A9511A5D9F6A090E5D382D7 /* Placeholder.swift in Sources */ = {isa = PBXBuildFile; fileRef = 630FDBCC2DDE7A2FE1DDC5F4 /* Placeholder.swift */; };
		9E077E44F1E495F95A0E4EA8 /* FixtureModels.swift in Sources */ = {isa = PBXBuildFile; fileRef = C90143498D311F33A46A465A /* FixtureModels.swift */; };
		C2819F0C2E5B6F515F8097BE /* Foundation.framework in Frameworks */ = {isa = PBXBuildFile; fileRef = 8CD443AC102DBB2C4C36A11D /* Foundation.framework */; };
/* End PBXBuildFile section */

/* Begin PBXContainerItemProxy section */
		E44ADEA562A322E1CAE0BAFB /* PBXContainerItemProxy */ = {
			isa = PBXContainerItemProxy;
			containerPortal = 89D277DF4FFF214D9F567127 /* Project object */;
			proxyType = 1;
			remoteGlobalIDString = 5B37A77FF432FB32E65823A7;
			remoteInfo = AccessibilityFixtures;
		};
/* End PBXContainerItemProxy section */

/* Begin PBXFileReference section */
		630FDBCC2DDE7A2FE1DDC5F4 /* Placeholder.swift */ = {isa = PBXFileReference; includeInIndex = 1; lastKnownFileType = sourcecode.swift; name = Placeholder.swift; path = AccessibilityFixtures/App/Placeholder.swift; sourceTree = "<group>"; };
		8CD443AC102DBB2C4C36A11D /* Foundation.framework */ = {isa = PBXFileReference; lastKnownFileType = wrapper.framework; name = Foundation.framework; path = Platforms/iPhoneOS.platform/Developer/SDKs/iPhoneOS18.0.sdk/System/Library/Frameworks/Foundation.framework; sourceTree = DEVELOPER_DIR; };
		C90143498D311F33A46A465A /* FixtureModels.swift */ = {isa = PBXFileReference; includeInIndex = 1; lastKnownFileType = sourcecode.swift; name = FixtureModels.swift; path = AccessibilityFixtures/Catalog/FixtureModels.swift; sourceTree = "<group>"; };
		E107244050CAC998D43D232D /* AccessibilityFixturesUITests.xctest */ = {isa = PBXFileReference; explicitFileType = wrapper.cfbundle; includeInIndex = 0; path = AccessibilityFixturesUITests.xctest; sourceTree = BUILT_PRODUCTS_DIR; };
		EA8CC9D73F0BEB35AA4D6557 /* AccessibilityFixtures.app */ = {isa = PBXFileReference; explicitFileType = wrapper.application; includeInIndex = 0; path = AccessibilityFixtures.app; sourceTree = BUILT_PRODUCTS_DIR; };
/* End PBXFileReference section */

/* Begin PBXFrameworksBuildPhase section */
		05B0D9E150844E78777CF740 /* Frameworks */ = {
			isa = PBXFrameworksBuildPhase;
			buildActionMask = 2147483647;
			files = (
				50C2529854F21E2A7A1B8E46 /* Foundation.framework in Frameworks */,
				0395063A8395642E6D26537A /* AccessibilityAuditReport in Frameworks */,
				0BF237500A88E00324673BF9 /* AccessibilityAuditXCTestSupport in Frameworks */,
			);
			runOnlyForDeploymentPostprocessing = 0;
		};
		5020E1231DA77365F73C5880 /* Frameworks */ = {
			isa = PBXFrameworksBuildPhase;
			buildActionMask = 2147483647;
			files = (
				C2819F0C2E5B6F515F8097BE /* Foundation.framework in Frameworks */,
			);
			runOnlyForDeploymentPostprocessing = 0;
		};
/* End PBXFrameworksBuildPhase section */

/* Begin PBXGroup section */
		153CDF7592DC4A253CC3FCFD = {
			isa = PBXGroup;
			children = (
				F71178BBA9211EF3F98EEAC7 /* Products */,
				92A81EAFE2079EC72C5B5FC0 /* Frameworks */,
				630FDBCC2DDE7A2FE1DDC5F4 /* Placeholder.swift */,
				C90143498D311F33A46A465A /* FixtureModels.swift */,
			);
			sourceTree = "<group>";
		};
		92A81EAFE2079EC72C5B5FC0 /* Frameworks */ = {
			isa = PBXGroup;
			children = (
				CCE888313CAFE6AC81E822B7 /* iOS */,
			);
			name = Frameworks;
			sourceTree = "<group>";
		};
		CCE888313CAFE6AC81E822B7 /* iOS */ = {
			isa = PBXGroup;
			children = (
				8CD443AC102DBB2C4C36A11D /* Foundation.framework */,
			);
			name = iOS;
			sourceTree = "<group>";
		};
		F71178BBA9211EF3F98EEAC7 /* Products */ = {
			isa = PBXGroup;
			children = (
				EA8CC9D73F0BEB35AA4D6557 /* AccessibilityFixtures.app */,
				E107244050CAC998D43D232D /* AccessibilityFixturesUITests.xctest */,
			);
			name = Products;
			sourceTree = "<group>";
		};
/* End PBXGroup section */

/* Begin PBXNativeTarget section */
		5B37A77FF432FB32E65823A7 /* AccessibilityFixtures */ = {
			isa = PBXNativeTarget;
			buildConfigurationList = 18DC04B5D6F284090F175699 /* Build configuration list for PBXNativeTarget "AccessibilityFixtures" */;
			buildPhases = (
				50E961A9703A4D4CC632A2B0 /* Sources */,
				5020E1231DA77365F73C5880 /* Frameworks */,
				833959C3E379F5105264841B /* Resources */,
			);
			buildRules = (
			);
			dependencies = (
			);
			name = AccessibilityFixtures;
			productName = AccessibilityFixtures;
			productReference = EA8CC9D73F0BEB35AA4D6557 /* AccessibilityFixtures.app */;
			productType = "com.apple.product-type.application";
		};
		B2608308495E5D28C20DF9F6 /* AccessibilityFixturesUITests */ = {
			isa = PBXNativeTarget;
			buildConfigurationList = 3186797F9823BB2720CB0D70 /* Build configuration list for PBXNativeTarget "AccessibilityFixturesUITests" */;
			buildPhases = (
				B7BA255528DED4F77E294A0E /* Sources */,
				05B0D9E150844E78777CF740 /* Frameworks */,
				F3D4E540E09F26BBB8289CCC /* Resources */,
			);
			buildRules = (
			);
			dependencies = (
				3026FEA9AC8CCF7839E8BE56 /* PBXTargetDependency */,
			);
			name = AccessibilityFixturesUITests;
			packageProductDependencies = (
				7632E11972F31B291776B5A9 /* AccessibilityAuditReport */,
				6C77CD1DE14733FAED08756E /* AccessibilityAuditXCTestSupport */,
			);
			productName = AccessibilityFixturesUITests;
			productReference = E107244050CAC998D43D232D /* AccessibilityFixturesUITests.xctest */;
			productType = "com.apple.product-type.bundle.ui-testing";
		};
/* End PBXNativeTarget section */

/* Begin PBXProject section */
		89D277DF4FFF214D9F567127 /* Project object */ = {
			isa = PBXProject;
			attributes = {
				LastSwiftUpdateCheck = 1600;
				LastUpgradeCheck = 1600;
			};
			buildConfigurationList = 7E8D69A34B72B71FEF643736 /* Build configuration list for PBXProject "AccessibilityFixtures" */;
			compatibilityVersion = "Xcode 3.2";
			developmentRegion = en;
			hasScannedForEncodings = 0;
			knownRegions = (
				en,
				Base,
			);
			mainGroup = 153CDF7592DC4A253CC3FCFD;
			minimizedProjectReferenceProxies = 0;
			packageReferences = (
				0F2FB11BFD1E03C1B0D5D593 /* XCLocalSwiftPackageReference "AccessibilityAuditReport" */,
			);
			preferredProjectObjectVersion = 77;
			productRefGroup = F71178BBA9211EF3F98EEAC7 /* Products */;
			projectDirPath = "";
			projectRoot = "";
			targets = (
				5B37A77FF432FB32E65823A7 /* AccessibilityFixtures */,
				B2608308495E5D28C20DF9F6 /* AccessibilityFixturesUITests */,
			);
		};
/* End PBXProject section */

/* Begin PBXResourcesBuildPhase section */
		833959C3E379F5105264841B /* Resources */ = {
			isa = PBXResourcesBuildPhase;
			buildActionMask = 2147483647;
			files = (
			);
			runOnlyForDeploymentPostprocessing = 0;
		};
		F3D4E540E09F26BBB8289CCC /* Resources */ = {
			isa = PBXResourcesBuildPhase;
			buildActionMask = 2147483647;
			files = (
			);
			runOnlyForDeploymentPostprocessing = 0;
		};
/* End PBXResourcesBuildPhase section */

/* Begin PBXSourcesBuildPhase section */
		50E961A9703A4D4CC632A2B0 /* Sources */ = {
			isa = PBXSourcesBuildPhase;
			buildActionMask = 2147483647;
			files = (
				7A9511A5D9F6A090E5D382D7 /* Placeholder.swift in Sources */,
				9E077E44F1E495F95A0E4EA8 /* FixtureModels.swift in Sources */,
			);
			runOnlyForDeploymentPostprocessing = 0;
		};
		B7BA255528DED4F77E294A0E /* Sources */ = {
			isa = PBXSourcesBuildPhase;
			buildActionMask = 2147483647;
			files = (
				40C28A0D295EA97A003740FC /* FixtureModels.swift in Sources */,
			);
			runOnlyForDeploymentPostprocessing = 0;
		};
/* End PBXSourcesBuildPhase section */

/* Begin PBXTargetDependency section */
		3026FEA9AC8CCF7839E8BE56 /* PBXTargetDependency */ = {
			isa = PBXTargetDependency;
			name = AccessibilityFixtures;
			target = 5B37A77FF432FB32E65823A7 /* AccessibilityFixtures */;
			targetProxy = E44ADEA562A322E1CAE0BAFB /* PBXContainerItemProxy */;
		};
/* End PBXTargetDependency section */

/* Begin XCBuildConfiguration section */
		0C0CD4053754DA56762D157E /* Release */ = {
			isa = XCBuildConfiguration;
			buildSettings = {
				ASSETCATALOG_COMPILER_APPICON_NAME = AppIcon;
				ASSETCATALOG_COMPILER_GLOBAL_ACCENT_COLOR_NAME = AccentColor;
				CLANG_ENABLE_OBJC_WEAK = NO;
				CURRENT_PROJECT_VERSION = 1;
				DEVELOPMENT_TEAM = 3TY8Z73V2D;
				GENERATE_INFOPLIST_FILE = YES;
				INFOPLIST_KEY_UISupportedInterfaceOrientations = "UIInterfaceOrientationPortrait UIInterfaceOrientationLandscapeLeft UIInterfaceOrientationLandscapeRight";
				IPHONEOS_DEPLOYMENT_TARGET = 17.0;
				LD_RUNPATH_SEARCH_PATHS = "$(inherited) @executable_path/Frameworks";
				MARKETING_VERSION = 1.0;
				PRODUCT_BUNDLE_IDENTIFIER = com.synchonross.capsylspike.AccessibilityFixtures;
				SDKROOT = iphoneos;
				SWIFT_VERSION = 5.0;
				TARGETED_DEVICE_FAMILY = "1,2";
				VALIDATE_PRODUCT = YES;
			};
			name = Release;
		};
		137DCDF90F250025B8004F2D /* Debug */ = {
			isa = XCBuildConfiguration;
			buildSettings = {
				ALWAYS_SEARCH_USER_PATHS = NO;
				CLANG_ANALYZER_NONNULL = YES;
				CLANG_ANALYZER_NUMBER_OBJECT_CONVERSION = YES_AGGRESSIVE;
				CLANG_CXX_LANGUAGE_STANDARD = "gnu++14";
				CLANG_CXX_LIBRARY = "libc++";
				CLANG_ENABLE_MODULES = YES;
				CLANG_ENABLE_OBJC_ARC = YES;
				CLANG_ENABLE_OBJC_WEAK = YES;
				CLANG_WARN_BLOCK_CAPTURE_AUTORELEASING = YES;
				CLANG_WARN_BOOL_CONVERSION = YES;
				CLANG_WARN_COMMA = YES;
				CLANG_WARN_CONSTANT_CONVERSION = YES;
				CLANG_WARN_DEPRECATED_OBJC_IMPLEMENTATIONS = YES;
				CLANG_WARN_DIRECT_OBJC_ISA_USAGE = YES_ERROR;
				CLANG_WARN_DOCUMENTATION_COMMENTS = YES;
				CLANG_WARN_EMPTY_BODY = YES;
				CLANG_WARN_ENUM_CONVERSION = YES;
				CLANG_WARN_INFINITE_RECURSION = YES;
				CLANG_WARN_INT_CONVERSION = YES;
				CLANG_WARN_NON_LITERAL_NULL_CONVERSION = YES;
				CLANG_WARN_OBJC_IMPLICIT_RETAIN_SELF = YES;
				CLANG_WARN_OBJC_LITERAL_CONVERSION = YES;
				CLANG_WARN_OBJC_ROOT_CLASS = YES_ERROR;
				CLANG_WARN_QUOTED_INCLUDE_IN_FRAMEWORK_HEADER = YES;
				CLANG_WARN_RANGE_LOOP_ANALYSIS = YES;
				CLANG_WARN_STRICT_PROTOTYPES = YES;
				CLANG_WARN_SUSPICIOUS_MOVE = YES;
				CLANG_WARN_UNGUARDED_AVAILABILITY = YES_AGGRESSIVE;
				CLANG_WARN_UNREACHABLE_CODE = YES;
				CLANG_WARN__DUPLICATE_METHOD_MATCH = YES;
				COPY_PHASE_STRIP = NO;
				DEBUG_INFORMATION_FORMAT = dwarf;
				ENABLE_STRICT_OBJC_MSGSEND = YES;
				ENABLE_TESTABILITY = YES;
				GCC_C_LANGUAGE_STANDARD = gnu11;
				GCC_DYNAMIC_NO_PIC = NO;
				GCC_NO_COMMON_BLOCKS = YES;
				GCC_OPTIMIZATION_LEVEL = 0;
				GCC_PREPROCESSOR_DEFINITIONS = (
					"DEBUG=1",
					"$(inherited)",
				);
				GCC_WARN_64_TO_32_BIT_CONVERSION = YES;
				GCC_WARN_ABOUT_RETURN_TYPE = YES_ERROR;
				GCC_WARN_UNDECLARED_SELECTOR = YES;
				GCC_WARN_UNINITIALIZED_AUTOS = YES_AGGRESSIVE;
				GCC_WARN_UNUSED_FUNCTION = YES;
				GCC_WARN_UNUSED_VARIABLE = YES;
				MTL_ENABLE_DEBUG_INFO = INCLUDE_SOURCE;
				MTL_FAST_MATH = YES;
				ONLY_ACTIVE_ARCH = YES;
				PRODUCT_NAME = "$(TARGET_NAME)";
				SWIFT_ACTIVE_COMPILATION_CONDITIONS = DEBUG;
				SWIFT_OPTIMIZATION_LEVEL = "-Onone";
				SWIFT_VERSION = 5.0;
			};
			name = Debug;
		};
		3EAED8343C299515C13A1930 /* Debug */ = {
			isa = XCBuildConfiguration;
			buildSettings = {
				ASSETCATALOG_COMPILER_APPICON_NAME = AppIcon;
				ASSETCATALOG_COMPILER_GLOBAL_ACCENT_COLOR_NAME = AccentColor;
				CLANG_ENABLE_OBJC_WEAK = NO;
				CURRENT_PROJECT_VERSION = 1;
				DEVELOPMENT_TEAM = 3TY8Z73V2D;
				GENERATE_INFOPLIST_FILE = YES;
				INFOPLIST_KEY_UISupportedInterfaceOrientations = "UIInterfaceOrientationPortrait UIInterfaceOrientationLandscapeLeft UIInterfaceOrientationLandscapeRight";
				IPHONEOS_DEPLOYMENT_TARGET = 17.0;
				LD_RUNPATH_SEARCH_PATHS = "$(inherited) @executable_path/Frameworks";
				MARKETING_VERSION = 1.0;
				PRODUCT_BUNDLE_IDENTIFIER = com.synchonross.capsylspike.AccessibilityFixtures;
				SDKROOT = iphoneos;
				SWIFT_VERSION = 5.0;
				TARGETED_DEVICE_FAMILY = "1,2";
			};
			name = Debug;
		};
		48652D035B6B49FB4D4D4787 /* Release */ = {
			isa = XCBuildConfiguration;
			buildSettings = {
				ALWAYS_SEARCH_USER_PATHS = NO;
				CLANG_ANALYZER_NONNULL = YES;
				CLANG_ANALYZER_NUMBER_OBJECT_CONVERSION = YES_AGGRESSIVE;
				CLANG_CXX_LANGUAGE_STANDARD = "gnu++14";
				CLANG_CXX_LIBRARY = "libc++";
				CLANG_ENABLE_MODULES = YES;
				CLANG_ENABLE_OBJC_ARC = YES;
				CLANG_ENABLE_OBJC_WEAK = YES;
				CLANG_WARN_BLOCK_CAPTURE_AUTORELEASING = YES;
				CLANG_WARN_BOOL_CONVERSION = YES;
				CLANG_WARN_COMMA = YES;
				CLANG_WARN_CONSTANT_CONVERSION = YES;
				CLANG_WARN_DEPRECATED_OBJC_IMPLEMENTATIONS = YES;
				CLANG_WARN_DIRECT_OBJC_ISA_USAGE = YES_ERROR;
				CLANG_WARN_DOCUMENTATION_COMMENTS = YES;
				CLANG_WARN_EMPTY_BODY = YES;
				CLANG_WARN_ENUM_CONVERSION = YES;
				CLANG_WARN_INFINITE_RECURSION = YES;
				CLANG_WARN_INT_CONVERSION = YES;
				CLANG_WARN_NON_LITERAL_NULL_CONVERSION = YES;
				CLANG_WARN_OBJC_IMPLICIT_RETAIN_SELF = YES;
				CLANG_WARN_OBJC_LITERAL_CONVERSION = YES;
				CLANG_WARN_OBJC_ROOT_CLASS = YES_ERROR;
				CLANG_WARN_QUOTED_INCLUDE_IN_FRAMEWORK_HEADER = YES;
				CLANG_WARN_RANGE_LOOP_ANALYSIS = YES;
				CLANG_WARN_STRICT_PROTOTYPES = YES;
				CLANG_WARN_SUSPICIOUS_MOVE = YES;
				CLANG_WARN_UNGUARDED_AVAILABILITY = YES_AGGRESSIVE;
				CLANG_WARN_UNREACHABLE_CODE = YES;
				CLANG_WARN__DUPLICATE_METHOD_MATCH = YES;
				COPY_PHASE_STRIP = NO;
				DEBUG_INFORMATION_FORMAT = "dwarf-with-dsym";
				ENABLE_NS_ASSERTIONS = NO;
				ENABLE_STRICT_OBJC_MSGSEND = YES;
				GCC_C_LANGUAGE_STANDARD = gnu11;
				GCC_NO_COMMON_BLOCKS = YES;
				GCC_WARN_64_TO_32_BIT_CONVERSION = YES;
				GCC_WARN_ABOUT_RETURN_TYPE = YES_ERROR;
				GCC_WARN_UNDECLARED_SELECTOR = YES;
				GCC_WARN_UNINITIALIZED_AUTOS = YES_AGGRESSIVE;
				GCC_WARN_UNUSED_FUNCTION = YES;
				GCC_WARN_UNUSED_VARIABLE = YES;
				MTL_ENABLE_DEBUG_INFO = NO;
				MTL_FAST_MATH = YES;
				PRODUCT_NAME = "$(TARGET_NAME)";
				SWIFT_COMPILATION_MODE = wholemodule;
				SWIFT_OPTIMIZATION_LEVEL = "-O";
				SWIFT_VERSION = 5.0;
			};
			name = Release;
		};
		80821EEF5F295BE04E95D06A /* Release */ = {
			isa = XCBuildConfiguration;
			buildSettings = {
				CLANG_ENABLE_OBJC_WEAK = NO;
				DEVELOPMENT_TEAM = 3TY8Z73V2D;
				GENERATE_INFOPLIST_FILE = YES;
				IPHONEOS_DEPLOYMENT_TARGET = 17.0;
				PRODUCT_BUNDLE_IDENTIFIER = com.synchonross.capsylspike.AccessibilityFixturesUITests;
				SDKROOT = iphoneos;
				SWIFT_VERSION = 5.0;
				TEST_TARGET_NAME = AccessibilityFixtures;
				VALIDATE_PRODUCT = YES;
			};
			name = Release;
		};
		DB6A308770F54FB9CDA794B0 /* Debug */ = {
			isa = XCBuildConfiguration;
			buildSettings = {
				CLANG_ENABLE_OBJC_WEAK = NO;
				DEVELOPMENT_TEAM = 3TY8Z73V2D;
				GENERATE_INFOPLIST_FILE = YES;
				IPHONEOS_DEPLOYMENT_TARGET = 17.0;
				PRODUCT_BUNDLE_IDENTIFIER = com.synchonross.capsylspike.AccessibilityFixturesUITests;
				SDKROOT = iphoneos;
				SWIFT_VERSION = 5.0;
				TEST_TARGET_NAME = AccessibilityFixtures;
			};
			name = Debug;
		};
/* End XCBuildConfiguration section */

/* Begin XCConfigurationList section */
		18DC04B5D6F284090F175699 /* Build configuration list for PBXNativeTarget "AccessibilityFixtures" */ = {
			isa = XCConfigurationList;
			buildConfigurations = (
				0C0CD4053754DA56762D157E /* Release */,
				3EAED8343C299515C13A1930 /* Debug */,
			);
			defaultConfigurationIsVisible = 0;
			defaultConfigurationName = Release;
		};
		3186797F9823BB2720CB0D70 /* Build configuration list for PBXNativeTarget "AccessibilityFixturesUITests" */ = {
			isa = XCConfigurationList;
			buildConfigurations = (
				80821EEF5F295BE04E95D06A /* Release */,
				DB6A308770F54FB9CDA794B0 /* Debug */,
			);
			defaultConfigurationIsVisible = 0;
			defaultConfigurationName = Release;
		};
		7E8D69A34B72B71FEF643736 /* Build configuration list for PBXProject "AccessibilityFixtures" */ = {
			isa = XCConfigurationList;
			buildConfigurations = (
				137DCDF90F250025B8004F2D /* Debug */,
				48652D035B6B49FB4D4D4787 /* Release */,
			);
			defaultConfigurationIsVisible = 0;
			defaultConfigurationName = Release;
		};
/* End XCConfigurationList section */

/* Begin XCLocalSwiftPackageReference section */
		0F2FB11BFD1E03C1B0D5D593 /* XCLocalSwiftPackageReference "AccessibilityAuditReport" */ = {
			isa = XCLocalSwiftPackageReference;
			relativePath = ../AccessibilityAuditReport;
		};
/* End XCLocalSwiftPackageReference section */

/* Begin XCSwiftPackageProductDependency section */
		6C77CD1DE14733FAED08756E /* AccessibilityAuditXCTestSupport */ = {
			isa = XCSwiftPackageProductDependency;
			package = 0F2FB11BFD1E03C1B0D5D593 /* XCLocalSwiftPackageReference "AccessibilityAuditReport" */;
			productName = AccessibilityAuditXCTestSupport;
		};
		7632E11972F31B291776B5A9 /* AccessibilityAuditReport */ = {
			isa = XCSwiftPackageProductDependency;
			package = 0F2FB11BFD1E03C1B0D5D593 /* XCLocalSwiftPackageReference "AccessibilityAuditReport" */;
			productName = AccessibilityAuditReport;
		};
/* End XCSwiftPackageProductDependency section */
	};
	rootObject = 89D277DF4FFF214D9F567127 /* Project object */;
}
